
Microsoft Visual Studio Solution File, Format Version 12.00
# Visual Studio 2012
Project("{CC5FD16D-436D-48AD-A40C-5A424C6E3E79}") = "WABusyWaiting", "WABusyWaiting\WABusyWaiting.ccproj", "{5FC02551-08F7-4273-9298-B9631D9E678B}"
EndProject
Project("{FAE04EC0-301F-11D3-BF4B-00C04F79EFBC}") = "Worker", "Worker\Worker.csproj", "{B316191A-F0D9-4281-BCA0-E762EC75023C}"
EndProject
Global
	GlobalSection(SolutionConfigurationPlatforms) = preSolution
		Debug|Any CPU = Debug|Any CPU
		Release|Any CPU = Release|Any CPU
	EndGlobalSection
	GlobalSection(ProjectConfigurationPlatforms) = postSolution
		{5FC02551-08F7-4273-9298-B9631D9E678B}.Debug|Any CPU.ActiveCfg = Debug|Any CPU
		{5FC02551-08F7-4273-9298-B9631D9E678B}.Debug|Any CPU.Build.0 = Debug|Any CPU
		{5FC02551-08F7-4273-9298-B9631D9E678B}.Release|Any CPU.ActiveCfg = Release|Any CPU
		{5FC02551-08F7-4273-9298-B9631D9E678B}.Release|Any CPU.Build.0 = Release|Any CPU
		{B316191A-F0D9-4281-BCA0-E762EC75023C}.Debug|Any CPU.ActiveCfg = Debug|Any CPU
		{B316191A-F0D9-4281-BCA0-E762EC75023C}.Debug|Any CPU.Build.0 = Debug|Any CPU
		{B316191A-F0D9-4281-BCA0-E762EC75023C}.Release|Any CPU.ActiveCfg = Release|Any CPU
		{B316191A-F0D9-4281-BCA0-E762EC75023C}.Release|Any CPU.Build.0 = Release|Any CPU
	EndGlobalSection
	GlobalSection(SolutionProperties) = preSolution
		HideSolutionNode = FALSE
	EndGlobalSection
EndGlobal
